<?xml version="1.0" encoding="utf-8"?>
<Project ToolsVersion="4.0" xmlns="http://schemas.microsoft.com/developer/msbuild/2003">
  <ItemGroup>
    <Filter Include="Source Files">
      <UniqueIdentifier>{4FC737F1-C7A5-4376-A066-2A32D752A2FF}</UniqueIdentifier>
      <Extensions>cpp;c;cc;cxx;c++;cppm;ixx;def;odl;idl;hpj;bat;asm;asmx</Extensions>
    </Filter>
    <Filter Include="Header Files">
      <UniqueIdentifier>{93995380-89BD-4b04-88EB-625FBE52EBFB}</UniqueIdentifier>
      <Extensions>h;hh;hpp;hxx;h++;hm;inl;inc;ipp;xsd</Extensions>
    </Filter>
    <Filter Include="Resource Files">
      <UniqueIdentifier>{67DA6AB6-F800-4c08-8B7A-83BB121AAD01}</UniqueIdentifier>
      <Extensions>rc;ico;cur;bmp;dlg;rc2;rct;bin;rgs;gif;jpg;jpeg;jpe;resx;tiff;tif;png;wav;mfcribbon-ms</Extensions>
    </Filter>
  </ItemGroup>
  <ItemGroup>
    <ClInclude Include="framework.h">
      <Filter>Header Files</Filter>
    </ClInclude>
    <ClInclude Include="pch.h">
      <Filter>Header Files</Filter>
    </ClInclude>
    <ClInclude Include="generate.h">
      <Filter>Header Files</Filter>
    </ClInclude>
    <ClInclude Include="..\shape\vec3.h">
      <Filter>Header Files</Filter>
    </ClInclude>
    <ClInclude Include="..\graph_drawing\model.h">
      <Filter>Header Files</Filter>
    </ClInclude>
    <ClInclude Include="..\graph_drawing\endpoint.h">
      <Filter>Header Files</Filter>
    </ClInclude>
    <ClInclude Include="..\graph_drawing\face.h">
      <Filter>Header Files</Filter>
    </ClInclude>
    <ClInclude Include="..\graph_drawing\face_group.h">
      <Filter>Header Files</Filter>
    </ClInclude>
    <ClInclude Include="..\graph_drawing\graph_drawing.h">
      <Filter>Header Files</Filter>
    </ClInclude>
    <ClInclude Include="..\graph_drawing\line.h">
      <Filter>Header Files</Filter>
    </ClInclude>
    <ClInclude Include="..\graph_drawing\vertex.h">
      <Filter>Header Files</Filter>
    </ClInclude>
    <ClInclude Include="..\decoration\decoration.h">
      <Filter>Header Files</Filter>
    </ClInclude>
    <ClInclude Include="..\fragment\net_transistor.h">
      <Filter>Header Files</Filter>
    </ClInclude>
    <ClInclude Include="..\fragment\net_transistor_settings.h">
      <Filter>Header Files</Filter>
    </ClInclude>
    <ClInclude Include="..\fragment\transistor_path.h">
      <Filter>Header Files</Filter>
    </ClInclude>
    <ClInclude Include="..\grid\settings.h">
      <Filter>Header Files</Filter>
    </ClInclude>
    <ClInclude Include="..\network\edge_net.h">
      <Filter>Header Files</Filter>
    </ClInclude>
    <ClInclude Include="..\network\edge_network.h">
      <Filter>Header Files</Filter>
    </ClInclude>
    <ClInclude Include="..\network\edge_placement.h">
      <Filter>Header Files</Filter>
    </ClInclude>
    <ClInclude Include="..\network\face_net.h">
      <Filter>Header Files</Filter>
    </ClInclude>
    <ClInclude Include="..\network\face_network.h">
      <Filter>Header Files</Filter>
    </ClInclude>
    <ClInclude Include="..\network\face_placement.h">
      <Filter>Header Files</Filter>
    </ClInclude>
    <ClInclude Include="..\network\half_edge_net.h">
      <Filter>Header Files</Filter>
    </ClInclude>
    <ClInclude Include="..\network\net_graph_map.h">
      <Filter>Header Files</Filter>
    </ClInclude>
    <ClInclude Include="..\network\net_graph_map_finder.h">
      <Filter>Header Files</Filter>
    </ClInclude>
    <ClInclude Include="..\network\net_graph_map_info.h">
      <Filter>Header Files</Filter>
    </ClInclude>
    <ClInclude Include="..\network\net_graph_map_state.h">
      <Filter>Header Files</Filter>
    </ClInclude>
    <ClInclude Include="..\network\net_transition.h">
      <Filter>Header Files</Filter>
    </ClInclude>
    <ClInclude Include="..\network\network.h">
      <Filter>Header Files</Filter>
    </ClInclude>
    <ClInclude Include="..\network\vertex_net.h">
      <Filter>Header Files</Filter>
    </ClInclude>
    <ClInclude Include="..\network\vertex_network.h">
      <Filter>Header Files</Filter>
    </ClInclude>
    <ClInclude Include="..\network\vertex_placement.h">
      <Filter>Header Files</Filter>
    </ClInclude>
    <ClInclude Include="..\util\counter.h">
      <Filter>Header Files</Filter>
    </ClInclude>
    <ClInclude Include="..\util\range.h">
      <Filter>Header Files</Filter>
    </ClInclude>
    <ClInclude Include="..\util\util.h">
      <Filter>Header Files</Filter>
    </ClInclude>
    <ClInclude Include="..\decoration\area.h">
      <Filter>Header Files</Filter>
    </ClInclude>
    <ClInclude Include="..\decoration\brush.h">
      <Filter>Header Files</Filter>
    </ClInclude>
    <ClInclude Include="..\shape\vec2.h">
      <Filter>Header Files</Filter>
    </ClInclude>
    <ClInclude Include="..\shapes3D\edge_type3d.h">
      <Filter>Header Files</Filter>
    </ClInclude>
    <ClInclude Include="..\shapes3D\face_type3d.h">
      <Filter>Header Files</Filter>
    </ClInclude>
    <ClInclude Include="..\intersector.h">
      <Filter>Header Files</Filter>
    </ClInclude>
    <ClInclude Include="..\guidelines\vertex_type.h">
      <Filter>Header Files</Filter>
    </ClInclude>
    <ClInclude Include="..\util\timer.h">
      <Filter>Header Files</Filter>
    </ClInclude>
    <ClInclude Include="..\guidelines\network_mutator.h">
      <Filter>Header Files</Filter>
    </ClInclude>
    <ClInclude Include="..\guidelines\guide_mutator.h">
      <Filter>Header Files</Filter>
    </ClInclude>
    <ClInclude Include="..\hierarchy\network_hierarchy.h">
      <Filter>Header Files</Filter>
    </ClInclude>
    <ClInclude Include="..\shapes3D\shape3d.h">
      <Filter>Header Files</Filter>
    </ClInclude>
    <ClInclude Include="..\util\fast_math.h">
      <Filter>Header Files</Filter>
    </ClInclude>
    <ClInclude Include="..\third_party\earcut\earcut.h">
      <Filter>Header Files</Filter>
    </ClInclude>
    <ClInclude Include="..\third_party\poly2tri-master\poly2tri\poly2tri.h">
      <Filter>Header Files</Filter>
    </ClInclude>
    <ClInclude Include="..\third_party\poly2tri-master\poly2tri\common\shapes.h">
      <Filter>Header Files</Filter>
    </ClInclude>
    <ClInclude Include="..\third_party\poly2tri-master\poly2tri\common\utils.h">
      <Filter>Header Files</Filter>
    </ClInclude>
    <ClInclude Include="..\third_party\poly2tri-master\poly2tri\sweep\advancing_front.h">
      <Filter>Header Files</Filter>
    </ClInclude>
    <ClInclude Include="..\third_party\poly2tri-master\poly2tri\sweep\cdt.h">
      <Filter>Header Files</Filter>
    </ClInclude>
    <ClInclude Include="..\third_party\poly2tri-master\poly2tri\sweep\sweep.h">
      <Filter>Header Files</Filter>
    </ClInclude>
    <ClInclude Include="..\third_party\poly2tri-master\poly2tri\sweep\sweep_context.h">
      <Filter>Header Files</Filter>
    </ClInclude>
    <ClInclude Include="..\shape\mesh.h">
      <Filter>Header Files</Filter>
    </ClInclude>
  </ItemGroup>
  <ItemGroup>
    <ClCompile Include="dllmain.cpp">
      <Filter>Source Files</Filter>
    </ClCompile>
    <ClCompile Include="pch.cpp">
      <Filter>Source Files</Filter>
    </ClCompile>
    <ClCompile Include="generate.cpp">
      <Filter>Source Files</Filter>
    </ClCompile>
    <ClCompile Include="..\shape\vec3.cpp">
      <Filter>Source Files</Filter>
    </ClCompile>
    <ClCompile Include="..\graph_drawing\model.cpp">
      <Filter>Source Files</Filter>
    </ClCompile>
    <ClCompile Include="..\graph_drawing\endpoint.cpp">
      <Filter>Source Files</Filter>
    </ClCompile>
    <ClCompile Include="..\graph_drawing\face.cpp">
      <Filter>Source Files</Filter>
    </ClCompile>
    <ClCompile Include="..\graph_drawing\face_group.cpp">
      <Filter>Source Files</Filter>
    </ClCompile>
    <ClCompile Include="..\graph_drawing\graph_drawing.cpp">
      <Filter>Source Files</Filter>
    </ClCompile>
    <ClCompile Include="..\graph_drawing\line.cpp">
      <Filter>Source Files</Filter>
    </ClCompile>
    <ClCompile Include="..\graph_drawing\vertex.cpp">
      <Filter>Source Files</Filter>
    </ClCompile>
    <ClCompile Include="..\decoration\brush.cpp">
      <Filter>Source Files</Filter>
    </ClCompile>
    <ClCompile Include="..\decoration\decoration.cpp">
      <Filter>Source Files</Filter>
    </ClCompile>
    <ClCompile Include="..\fragment\net_transistor.cpp">
      <Filter>Source Files</Filter>
    </ClCompile>
    <ClCompile Include="..\fragment\net_transistor_settings.cpp">
      <Filter>Source Files</Filter>
    </ClCompile>
    <ClCompile Include="..\fragment\transistor_path.cpp">
      <Filter>Source Files</Filter>
    </ClCompile>
    <ClCompile Include="..\grid\settings.cpp">
      <Filter>Source Files</Filter>
    </ClCompile>
    <ClCompile Include="..\network\edge_net.cpp">
      <Filter>Source Files</Filter>
    </ClCompile>
    <ClCompile Include="..\network\edge_placement.cpp">
      <Filter>Source Files</Filter>
    </ClCompile>
    <ClCompile Include="..\network\face_net.cpp">
      <Filter>Source Files</Filter>
    </ClCompile>
    <ClCompile Include="..\network\face_placement.cpp">
      <Filter>Source Files</Filter>
    </ClCompile>
    <ClCompile Include="..\network\half_edge_net.cpp">
      <Filter>Source Files</Filter>
    </ClCompile>
    <ClCompile Include="..\network\net_graph_map.cpp">
      <Filter>Source Files</Filter>
    </ClCompile>
    <ClCompile Include="..\network\net_graph_map_finder.cpp">
      <Filter>Source Files</Filter>
    </ClCompile>
    <ClCompile Include="..\network\net_graph_map_info.cpp">
      <Filter>Source Files</Filter>
    </ClCompile>
    <ClCompile Include="..\network\net_graph_map_state.cpp">
      <Filter>Source Files</Filter>
    </ClCompile>
    <ClCompile Include="..\network\net_transition.cpp">
      <Filter>Source Files</Filter>
    </ClCompile>
    <ClCompile Include="..\network\network.cpp">
      <Filter>Source Files</Filter>
    </ClCompile>
    <ClCompile Include="..\network\vertex_net.cpp">
      <Filter>Source Files</Filter>
    </ClCompile>
    <ClCompile Include="..\network\vertex_placement.cpp">
      <Filter>Source Files</Filter>
    </ClCompile>
    <ClCompile Include="..\util\counter.cpp">
      <Filter>Source Files</Filter>
    </ClCompile>
    <ClCompile Include="..\util\range.cpp">
      <Filter>Source Files</Filter>
    </ClCompile>
    <ClCompile Include="..\util\util.cpp">
      <Filter>Source Files</Filter>
    </ClCompile>
    <ClCompile Include="..\decoration\area.cpp">
      <Filter>Source Files</Filter>
    </ClCompile>
    <ClCompile Include="..\shape\vec2.cpp">
      <Filter>Source Files</Filter>
    </ClCompile>
    <ClCompile Include="..\shapes3D\edge_type3d.cpp">
      <Filter>Source Files</Filter>
    </ClCompile>
    <ClCompile Include="..\shapes3D\face_type3d.cpp">
      <Filter>Source Files</Filter>
    </ClCompile>
    <ClCompile Include="..\intersector.cpp">
      <Filter>Source Files</Filter>
    </ClCompile>
    <ClCompile Include="..\guidelines\vertex_type.cpp">
      <Filter>Source Files</Filter>
    </ClCompile>
    <ClCompile Include="..\util\timer.cpp">
      <Filter>Source Files</Filter>
    </ClCompile>
    <ClCompile Include="..\guidelines\network_mutator.cpp">
      <Filter>Source Files</Filter>
    </ClCompile>
    <ClCompile Include="..\guidelines\guide_mutator.cpp">
      <Filter>Source Files</Filter>
    </ClCompile>
    <ClCompile Include="..\hierarchy\network_hierarchy.cpp">
      <Filter>Source Files</Filter>
    </ClCompile>
    <ClCompile Include="..\shapes3D\shape3d.cpp">
      <Filter>Source Files</Filter>
    </ClCompile>
    <ClCompile Include="..\util\fast_math.cpp">
      <Filter>Source Files</Filter>
    </ClCompile>
    <ClCompile Include="..\third_party\poly2tri-master\poly2tri\common\shapes.cc">
      <Filter>Source Files</Filter>
    </ClCompile>
    <ClCompile Include="..\third_party\poly2tri-master\poly2tri\sweep\advancing_front.cc">
      <Filter>Source Files</Filter>
    </ClCompile>
    <ClCompile Include="..\third_party\poly2tri-master\poly2tri\sweep\cdt.cc">
      <Filter>Source Files</Filter>
    </ClCompile>
    <ClCompile Include="..\third_party\poly2tri-master\poly2tri\sweep\sweep.cc">
      <Filter>Source Files</Filter>
    </ClCompile>
    <ClCompile Include="..\third_party\poly2tri-master\poly2tri\sweep\sweep_context.cc">
      <Filter>Source Files</Filter>
    </ClCompile>
    <ClCompile Include="..\shape\mesh.cpp">
      <Filter>Source Files</Filter>
    </ClCompile>
  </ItemGroup>
</Project>