<?xml version="1.0" encoding="utf-8"?>
<Project ToolsVersion="4.0" xmlns="http://schemas.microsoft.com/developer/msbuild/2003">
  <ItemGroup>
    <Filter Include="Source Files">
      <UniqueIdentifier>{4FC737F1-C7A5-4376-A066-2A32D752A2FF}</UniqueIdentifier>
      <Extensions>cpp;c;cc;cxx;c++;cppm;ixx;def;odl;idl;hpj;bat;asm;asmx</Extensions>
    </Filter>
    <Filter Include="Header Files">
      <UniqueIdentifier>{93995380-89BD-4b04-88EB-625FBE52EBFB}</UniqueIdentifier>
      <Extensions>h;hh;hpp;hxx;h++;hm;inl;inc;ipp;xsd</Extensions>
    </Filter>
    <Filter Include="Resource Files">
      <UniqueIdentifier>{67DA6AB6-F800-4c08-8B7A-83BB121AAD01}</UniqueIdentifier>
      <Extensions>rc;ico;cur;bmp;dlg;rc2;rct;bin;rgs;gif;jpg;jpeg;jpe;resx;tiff;tif;png;wav;mfcribbon-ms</Extensions>
    </Filter>
  </ItemGroup>
  <ItemGroup>
    <ClInclude Include="framework.h">
      <Filter>Header Files</Filter>
    </ClInclude>
    <ClInclude Include="isIsomorphic.h">
      <Filter>Header Files</Filter>
    </ClInclude>
    <ClInclude Include="pch.h">
      <Filter>Header Files</Filter>
    </ClInclude>
    <ClInclude Include="RoundtripCommand.h">
      <Filter>Header Files</Filter>
    </ClInclude>
    <ClInclude Include="SpliceCheckCommand.h">
      <Filter>Header Files</Filter>
    </ClInclude>
    <ClInclude Include="RuleExporter.h">
      <Filter>Header Files</Filter>
    </ClInclude>
    <ClInclude Include="RuleGenerator.h">
      <Filter>Resource Files</Filter>
    </ClInclude>
    <ClInclude Include="GraphTemplate.h">
      <Filter>Header Files</Filter>
    </ClInclude>
    <ClInclude Include="TemplateMatcher.h">
      <Filter>Header Files</Filter>
    </ClInclude>
    <ClInclude Include="State.h">
      <Filter>Header Files</Filter>
    </ClInclude>
    <ClInclude Include="..\..\cpp_version\primitives\edge_type.h">
      <Filter>Source Files</Filter>
    </ClInclude>
    <ClInclude Include="..\..\cpp_version\primitives\face_type.h">
      <Filter>Source Files</Filter>
    </ClInclude>
    <ClInclude Include="..\..\cpp_version\primitives\primitives.h">
      <Filter>Source Files</Filter>
    </ClInclude>
    <ClInclude Include="..\..\cpp_version\primitives\vertex_type.h">
      <Filter>Source Files</Filter>
    </ClInclude>
    <ClInclude Include="..\..\cpp_version\json versioning\read_json_file.h">
      <Filter>Source Files</Filter>
    </ClInclude>
    <ClInclude Include="..\..\cpp_version\json versioning\json_version_manager.h">
      <Filter>Source Files</Filter>
    </ClInclude>
    <ClInclude Include="..\..\cpp_version\grammar_rules\production_rule.h">
      <Filter>Source Files</Filter>
    </ClInclude>
    <ClInclude Include="..\..\cpp_version\util\diagnostics.h">
      <Filter>Header Files</Filter>
    </ClInclude>
  </ItemGroup>
  <ItemGroup>
    <ClCompile Include="pch.cpp">
      <Filter>Source Files</Filter>
    </ClCompile>
    <ClCompile Include="isIsomorphic.cpp">
      <Filter>Source Files</Filter>
    </ClCompile>
    <ClCompile Include="RuleExporter.cpp">
      <Filter>Source Files</Filter>
    </ClCompile>
    <ClCompile Include="RuleGenerator.cpp">
      <Filter>Source Files</Filter>
    </ClCompile>
    <ClCompile Include="GraphTemplate.cpp">
      <Filter>Source Files</Filter>
    </ClCompile>
    <ClCompile Include="TemplateMatcher.cpp">
      <Filter>Source Files</Filter>
    </ClCompile>
    <ClCompile Include="main.cpp">
      <Filter>Source Files</Filter>
    </ClCompile>
    <ClCompile Include="RoundtripCommand.cpp">
      <Filter>Source Files</Filter>
    </ClCompile>
    <ClCompile Include="SpliceCheckCommand.cpp">
      <Filter>Source Files</Filter>
    </ClCompile>
    <ClCompile Include="..\..\cpp_version\graph\edge_settings.cpp">
      <Filter>Source Files</Filter>
    </ClCompile>
    <ClCompile Include="..\..\cpp_version\grammar_rules\production_rule.cpp">
      <Filter>Source Files</Filter>
    </ClCompile>
    <ClCompile Include="..\..\cpp_version\util\diagnostics.cpp">
      <Filter>Source Files</Filter>
    </ClCompile>
    <ClCompile Include="..\..\cpp_version\primitives\edge_type.cpp">
      <Filter>Source Files</Filter>
    </ClCompile>
    <ClCompile Include="..\..\cpp_version\primitives\face_type.cpp">
      <Filter>Source Files</Filter>
    </ClCompile>
    <ClCompile Include="..\..\cpp_version\primitives\primitives.cpp">
      <Filter>Source Files</Filter>
    </ClCompile>
    <ClCompile Include="..\..\cpp_version\primitives\vertex_type.cpp">
      <Filter>Source Files</Filter>
    </ClCompile>
    <ClCompile Include="..\..\cpp_version\json versioning\read_json_file.cpp">
      <Filter>Source Files</Filter>
    </ClCompile>
    <ClCompile Include="..\..\cpp_version\json versioning\json_version_manager.cpp">
      <Filter>Source Files</Filter>
    </ClCompile>
    <ClCompile Include="..\..\cpp_version\json versioning\json_migrations.cpp">
      <Filter>Source Files</Filter>
    </ClCompile>
    <ClCompile Include="State.cpp">
      <Filter>Source Files</Filter>
    </ClCompile>
  </ItemGroup>
</Project>